
Microsoft Visual Studio Solution File, Format Version 12.00
# Visual Studio Version 17
VisualStudioVersion = 17.8.34330.188
MinimumVisualStudioVersion = 10.0.40219.1
Project("{FAE04EC0-301F-11D3-BF4B-00C04F79EFBC}") = "user_registration", "user_registration.csproj", "{6C07A0C8-C4F7-486A-B5DD-2D1D9BF97DD4}"
EndProject
Global
	GlobalSection(SolutionConfigurationPlatforms) = preSolution
		Debug|Any CPU = Debug|Any CPU
		Release|Any CPU = Release|Any CPU
	EndGlobalSection
	GlobalSection(ProjectConfigurationPlatforms) = postSolution
		{6C07A0C8-C4F7-486A-B5DD-2D1D9BF97DD4}.Debug|Any CPU.ActiveCfg = Debug|Any CPU
		{6C07A0C8-C4F7-486A-B5DD-2D1D9BF97DD4}.Debug|Any CPU.Build.0 = Debug|Any CPU
		{6C07A0C8-C4F7-486A-B5DD-2D1D9BF97DD4}.Release|Any CPU.ActiveCfg = Release|Any CPU
		{6C07A0C8-C4F7-486A-B5DD-2D1D9BF97DD4}.Release|Any CPU.Build.0 = Release|Any CPU
	EndGlobalSection
	GlobalSection(SolutionProperties) = preSolution
		HideSolutionNode = FALSE
	EndGlobalSection
	GlobalSection(ExtensibilityGlobals) = postSolution
		SolutionGuid = {275ABF38-4CF5-455C-B34D-B7B453E708E5}
	EndGlobalSection
EndGlobal
